
Microsoft Visual Studio Solution File, Format Version 12.00
# Visual Studio Version 17
VisualStudioVersion = 17.14.36221.1
MinimumVisualStudioVersion = 10.0.40219.1
Project("{FAE04EC0-301F-11D3-BF4B-00C04F79EFBC}") = "LearnBlazor", "LearnBlazor.csproj", "{A2BCE133-2AF9-4CEC-BFFA-FEED31BF02D0}"
EndProject
Global
	GlobalSection(SolutionConfigurationPlatforms) = preSolution
		Debug|Any CPU = Debug|Any CPU
		Release|Any CPU = Release|Any CPU
	EndGlobalSection
	GlobalSection(ProjectConfigurationPlatforms) = postSolution
		{A2BCE133-2AF9-4CEC-BFFA-FEED31BF02D0}.Debug|Any CPU.ActiveCfg = Debug|Any CPU
		{A2BCE133-2AF9-4CEC-BFFA-FEED31BF02D0}.Debug|Any CPU.Build.0 = Debug|Any CPU
		{A2BCE133-2AF9-4CEC-BFFA-FEED31BF02D0}.Release|Any CPU.ActiveCfg = Release|Any CPU
		{A2BCE133-2AF9-4CEC-BFFA-FEED31BF02D0}.Release|Any CPU.Build.0 = Release|Any CPU
	EndGlobalSection
	GlobalSection(SolutionProperties) = preSolution
		HideSolutionNode = FALSE
	EndGlobalSection
	GlobalSection(ExtensibilityGlobals) = postSolution
		SolutionGuid = {061ADCBF-603D-4630-8CE8-151AC0E07EEC}
	EndGlobalSection
EndGlobal
